
Microsoft Visual Studio Solution File, Format Version 12.00
# Visual Studio Version 17
VisualStudioVersion = 17.4.33213.308
MinimumVisualStudioVersion = 10.0.40219.1
Project("{FAE04EC0-301F-11D3-BF4B-00C04F79EFBC}") = "Calculadora", "Calculadora\Calculadora.csproj", "{A8A1616E-FA92-40FF-844F-21A89BB6FBEA}"
EndProject
Global
	GlobalSection(SolutionConfigurationPlatforms) = preSolution
		Debug|Any CPU = Debug|Any CPU
		Release|Any CPU = Release|Any CPU
	EndGlobalSection
	GlobalSection(ProjectConfigurationPlatforms) = postSolution
		{A8A1616E-FA92-40FF-844F-21A89BB6FBEA}.Debug|Any CPU.ActiveCfg = Debug|Any CPU
		{A8A1616E-FA92-40FF-844F-21A89BB6FBEA}.Debug|Any CPU.Build.0 = Debug|Any CPU
		{A8A1616E-FA92-40FF-844F-21A89BB6FBEA}.Release|Any CPU.ActiveCfg = Release|Any CPU
		{A8A1616E-FA92-40FF-844F-21A89BB6FBEA}.Release|Any CPU.Build.0 = Release|Any CPU
	EndGlobalSection
	GlobalSection(SolutionProperties) = preSolution
		HideSolutionNode = FALSE
	EndGlobalSection
	GlobalSection(ExtensibilityGlobals) = postSolution
		SolutionGuid = {7EC3999F-3481-41D6-8957-A8ADF25435F2}
	EndGlobalSection
EndGlobal
